// !$*UTF8*$!
{
	archiveVersion = 1;
	classes = {
	};
	objectVersion = 48;
	objects = {

/* Begin PBXBuildFile section */
		198D42441F44AC5A0014572A /* LoginViewController.swift in Sources */ = {isa = PBXBuildFile; fileRef = 198D42431F44AC5A0014572A /* LoginViewController.swift */; };
		19D138601F4370FF00ED7060 /* AppDelegate.swift in Sources */ = {isa = PBXBuildFile; fileRef = 19D1385F1F4370FF00ED7060 /* AppDelegate.swift */; };
		19D138651F4370FF00ED7060 /* Main.storyboard in Resources */ = {isa = PBXBuildFile; fileRef = 19D138631F4370FF00ED7060 /* Main.storyboard */; };
		19D138671F4370FF00ED7060 /* Assets.xcassets in Resources */ = {isa = PBXBuildFile; fileRef = 19D138661F4370FF00ED7060 /* Assets.xcassets */; };
		19D1386A1F4370FF00ED7060 /* LaunchScreen.storyboard in Resources */ = {isa = PBXBuildFile; fileRef = 19D138681F4370FF00ED7060 /* LaunchScreen.storyboard */; };
/* End PBXBuildFile section */

/* Begin PBXFileReference section */
		198D42431F44AC5A0014572A /* LoginViewController.swift */ = {isa = PBXFileReference; lastKnownFileType = sourcecode.swift; path = LoginViewController.swift; sourceTree = "<group>"; };
		19D1385C1F4370FF00ED7060 /* MessagingChallenge.app */ = {isa = PBXFileReference; explicitFileType = wrapper.application; includeInIndex = 0; path = MessagingChallenge.app; sourceTree = BUILT_PRODUCTS_DIR; };
		19D1385F1F4370FF00ED7060 /* AppDelegate.swift */ = {isa = PBXFileReference; lastKnownFileType = sourcecode.swift; path = AppDelegate.swift; sourceTree = "<group>"; };
		19D138641F4370FF00ED7060 /* Base */ = {isa = PBXFileReference; lastKnownFileType = file.storyboard; name = Base; path = Base.lproj/Main.storyboard; sourceTree = "<group>"; };
		19D138661F4370FF00ED7060 /* Assets.xcassets */ = {isa = PBXFileReference; lastKnownFileType = folder.assetcatalog; path = Assets.xcassets; sourceTree = "<group>"; };
		19D138691F4370FF00ED7060 /* Base */ = {isa = PBXFileReference; lastKnownFileType = file.storyboard; name = Base; path = Base.lproj/LaunchScreen.storyboard; sourceTree = "<group>"; };
		19D1386B1F4370FF00ED7060 /* Info.plist */ = {isa = PBXFileReference; lastKnownFileType = text.plist.xml; path = Info.plist; sourceTree = "<group>"; };
/* End PBXFileReference section */

/* Begin PBXFrameworksBuildPhase section */
		19D138591F4370FF00ED7060 /* Frameworks */ = {
			isa = PBXFrameworksBuildPhase;
			buildActionMask = 2147483647;
			files = (
			);
			runOnlyForDeploymentPostprocessing = 0;
		};
/* End PBXFrameworksBuildPhase section */

/* Begin PBXGroup section */
		19D138531F4370FF00ED7060 = {
			isa = PBXGroup;
			children = (
				19D1385E1F4370FF00ED7060 /* MessagingChallenge */,
				19D1385D1F4370FF00ED7060 /* Products */,
			);
			sourceTree = "<group>";
		};
		19D1385D1F4370FF00ED7060 /* Products */ = {
			isa = PBXGroup;
			children = (
				19D1385C1F4370FF00ED7060 /* MessagingChallenge.app */,
			);
			name = Products;
			sourceTree = "<group>";
		};
		19D1385E1F4370FF00ED7060 /* MessagingChallenge */ = {
			isa = PBXGroup;
			children = (
				19D1385F1F4370FF00ED7060 /* AppDelegate.swift */,
				198D42431F44AC5A0014572A /* LoginViewController.swift */,
				19D138631F4370FF00ED7060 /* Main.storyboard */,
				19D138661F4370FF00ED7060 /* Assets.xcassets */,
				19D138681F4370FF00ED7060 /* LaunchScreen.storyboard */,
				19D1386B1F4370FF00ED7060 /* Info.plist */,
			);
			path = MessagingChallenge;
			sourceTree = "<group>";
		};
/* End PBXGroup section */

/* Begin PBXNativeTarget section */
		19D1385B1F4370FF00ED7060 /* MessagingChallenge */ = {
			isa = PBXNativeTarget;
			buildConfigurationList = 19D1386E1F4370FF00ED7060 /* Build configuration list for PBXNativeTarget "MessagingChallenge" */;
			buildPhases = (
				19D138581F4370FF00ED7060 /* Sources */,
				19D138591F4370FF00ED7060 /* Frameworks */,
				19D1385A1F4370FF00ED7060 /* Resources */,
			);
			buildRules = (
			);
			dependencies = (
			);
			name = MessagingChallenge;
			productName = MessagingChallenge;
			productReference = 19D1385C1F4370FF00ED7060 /* MessagingChallenge.app */;
			productType = "com.apple.product-type.application";
		};
/* End PBXNativeTarget section */

/* Begin PBXProject section */
		19D138541F4370FF00ED7060 /* Project object */ = {
			isa = PBXProject;
			attributes = {
				LastSwiftUpdateCheck = 0900;
				LastUpgradeCheck = 0900;
				ORGANIZATIONNAME = "Nik Flahavan";
				TargetAttributes = {
					19D1385B1F4370FF00ED7060 = {
						CreatedOnToolsVersion = 9.0;
					};
				};
			};
			buildConfigurationList = 19D138571F4370FF00ED7060 /* Build configuration list for PBXProject "MessagingChallenge" */;
			compatibilityVersion = "Xcode 8.0";
			developmentRegion = en;
			hasScannedForEncodings = 0;
			knownRegions = (
				en,
				Base,
			);
			mainGroup = 19D138531F4370FF00ED7060;
			productRefGroup = 19D1385D1F4370FF00ED7060 /* Products */;
			projectDirPath = "";
			projectRoot = "";
			targets = (
				19D1385B1F4370FF00ED7060 /* MessagingChallenge */,
			);
		};
/* End PBXProject section */

/* Begin PBXResourcesBuildPhase section */
		19D1385A1F4370FF00ED7060 /* Resources */ = {
			isa = PBXResourcesBuildPhase;
			buildActionMask = 2147483647;
			files = (
				19D1386A1F4370FF00ED7060 /* LaunchScreen.storyboard in Resources */,
				19D138671F4370FF00ED7060 /* Assets.xcassets in Resources */,
				19D138651F4370FF00ED7060 /* Main.storyboard in Resources */,
			);
			runOnlyForDeploymentPostprocessing = 0;
		};
/* End PBXResourcesBuildPhase section */

/* Begin PBXSourcesBuildPhase section */
		19D138581F4370FF00ED7060 /* Sources */ = {
			isa = PBXSourcesBuildPhase;
			buildActionMask = 2147483647;
			files = (
				198D42441F44AC5A0014572A /* LoginViewController.swift in Sources */,
				19D138601F4370FF00ED7060 /* AppDelegate.swift in Sources */,
			);
			runOnlyForDeploymentPostprocessing = 0;
		};
/* End PBXSourcesBuildPhase section */

/* Begin PBXVariantGroup section */
		19D138631F4370FF00ED7060 /* Main.storyboard */ = {
			isa = PBXVariantGroup;
			children = (
				19D138641F4370FF00ED7060 /* Base */,
			);
			name = Main.storyboard;
			sourceTree = "<group>";
		};
		19D138681F4370FF00ED7060 /* LaunchScreen.storyboard */ = {
			isa = PBXVariantGroup;
			children = (
				19D138691F4370FF00ED7060 /* Base */,
			);
			name = LaunchScreen.storyboard;
			sourceTree = "<group>";
		};
/* End PBXVariantGroup section */

/* Begin XCBuildConfiguration section */
		19D1386C1F4370FF00ED7060 /* Debug */ = {
			isa = XCBuildConfiguration;
			buildSettings = {
				ALWAYS_SEARCH_USER_PATHS = NO;
				CLANG_ANALYZER_NONNULL = YES;
				CLANG_ANALYZER_NUMBER_OBJECT_CONVERSION = YES_AGGRESSIVE;
				CLANG_CXX_LANGUAGE_STANDARD = "gnu++14";
				CLANG_CXX_LIBRARY = "libc++";
				CLANG_ENABLE_MODULES = YES;
				CLANG_ENABLE_OBJC_ARC = YES;
				CLANG_WARN_BLOCK_CAPTURE_AUTORELEASING = YES;
				CLANG_WARN_BOOL_CONVERSION = YES;
				CLANG_WARN_COMMA = YES;
				CLANG_WARN_CONSTANT_CONVERSION = YES;
				CLANG_WARN_DIRECT_OBJC_ISA_USAGE = YES_ERROR;
				CLANG_WARN_DOCUMENTATION_COMMENTS = YES;
				CLANG_WARN_EMPTY_BODY = YES;
				CLANG_WARN_ENUM_CONVERSION = YES;
				CLANG_WARN_INFINITE_RECURSION = YES;
				CLANG_WARN_INT_CONVERSION = YES;
				CLANG_WARN_NON_LITERAL_NULL_CONVERSION = YES;
				CLANG_WARN_OBJC_LITERAL_CONVERSION = YES;
				CLANG_WARN_OBJC_ROOT_CLASS = YES_ERROR;
				CLANG_WARN_RANGE_LOOP_ANALYSIS = YES;
				CLANG_WARN_STRICT_PROTOTYPES = YES;
				CLANG_WARN_SUSPICIOUS_MOVE = YES;
				CLANG_WARN_UNGUARDED_AVAILABILITY = YES_AGGRESSIVE;
				CLANG_WARN_UNREACHABLE_CODE = YES;
				CLANG_WARN__DUPLICATE_METHOD_MATCH = YES;
				CODE_SIGN_IDENTITY = "iPhone Developer";
				COPY_PHASE_STRIP = NO;
				DEBUG_INFORMATION_FORMAT = dwarf;
				ENABLE_STRICT_OBJC_MSGSEND = YES;
				ENABLE_TESTABILITY = YES;
				GCC_C_LANGUAGE_STANDARD = gnu11;
				GCC_DYNAMIC_NO_PIC = NO;
				GCC_NO_COMMON_BLOCKS = YES;
				GCC_OPTIMIZATION_LEVEL = 0;
				GCC_PREPROCESSOR_DEFINITIONS = (
					"DEBUG=1",
					"$(inherited)",
				);
				GCC_WARN_64_TO_32_BIT_CONVERSION = YES;
				GCC_WARN_ABOUT_RETURN_TYPE = YES_ERROR;
				GCC_WARN_UNDECLARED_SELECTOR = YES;
				GCC_WARN_UNINITIALIZED_AUTOS = YES_AGGRESSIVE;
				GCC_WARN_UNUSED_FUNCTION = YES;
				GCC_WARN_UNUSED_VARIABLE = YES;
				IPHONEOS_DEPLOYMENT_TARGET = 11.0;
				MTL_ENABLE_DEBUG_INFO = YES;
				ONLY_ACTIVE_ARCH = YES;
				SDKROOT = iphoneos;
				SWIFT_ACTIVE_COMPILATION_CONDITIONS = DEBUG;
				SWIFT_OPTIMIZATION_LEVEL = "-Onone";
			};
			name = Debug;
		};
		19D1386D1F4370FF00ED7060 /* Release */ = {
			isa = XCBuildConfiguration;
			buildSettings = {
				ALWAYS_SEARCH_USER_PATHS = NO;
				CLANG_ANALYZER_NONNULL = YES;
				CLANG_ANALYZER_NUMBER_OBJECT_CONVERSION = YES_AGGRESSIVE;
				CLANG_CXX_LANGUAGE_STANDARD = "gnu++14";
				CLANG_CXX_LIBRARY = "libc++";
				CLANG_ENABLE_MODULES = YES;
				CLANG_ENABLE_OBJC_ARC = YES;
				CLANG_WARN_BLOCK_CAPTURE_AUTORELEASING = YES;
				CLANG_WARN_BOOL_CONVERSION = YES;
				CLANG_WARN_COMMA = YES;
				CLANG_WARN_CONSTANT_CONVERSION = YES;
				CLANG_WARN_DIRECT_OBJC_ISA_USAGE = YES_ERROR;
				CLANG_WARN_DOCUMENTATION_COMMENTS = YES;
				CLANG_WARN_EMPTY_BODY = YES;
				CLANG_WARN_ENUM_CONVERSION = YES;
				CLANG_WARN_INFINITE_RECURSION = YES;
				CLANG_WARN_INT_CONVERSION = YES;
				CLANG_WARN_NON_LITERAL_NULL_CONVERSION = YES;
				CLANG_WARN_OBJC_LITERAL_CONVERSION = YES;
				CLANG_WARN_OBJC_ROOT_CLASS = YES_ERROR;
				CLANG_WARN_RANGE_LOOP_ANALYSIS = YES;
				CLANG_WARN_STRICT_PROTOTYPES = YES;
				CLANG_WARN_SUSPICIOUS_MOVE = YES;
				CLANG_WARN_UNGUARDED_AVAILABILITY = YES_AGGRESSIVE;
				CLANG_WARN_UNREACHABLE_CODE = YES;
				CLANG_WARN__DUPLICATE_METHOD_MATCH = YES;
				CODE_SIGN_IDENTITY = "iPhone Developer";
				COPY_PHASE_STRIP = NO;
				DEBUG_INFORMATION_FORMAT = "dwarf-with-dsym";
				ENABLE_NS_ASSERTIONS = NO;
				ENABLE_STRICT_OBJC_MSGSEND = YES;
				GCC_C_LANGUAGE_STANDARD = gnu11;
				GCC_NO_COMMON_BLOCKS = YES;
				GCC_WARN_64_TO_32_BIT_CONVERSION = YES;
				GCC_WARN_ABOUT_RETURN_TYPE = YES_ERROR;
				GCC_WARN_UNDECLARED_SELECTOR = YES;
				GCC_WARN_UNINITIALIZED_AUTOS = YES_AGGRESSIVE;
				GCC_WARN_UNUSED_FUNCTION = YES;
				GCC_WARN_UNUSED_VARIABLE = YES;
				IPHONEOS_DEPLOYMENT_TARGET = 11.0;
				MTL_ENABLE_DEBUG_INFO = NO;
				SDKROOT = iphoneos;
				SWIFT_OPTIMIZATION_LEVEL = "-Owholemodule";
				VALIDATE_PRODUCT = YES;
			};
			name = Release;
		};
		19D1386F1F4370FF00ED7060 /* Debug */ = {
			isa = XCBuildConfiguration;
			buildSettings = {
				ASSETCATALOG_COMPILER_APPICON_NAME = AppIcon;
				DEVELOPMENT_TEAM = 9K49YB68EN;
				INFOPLIST_FILE = MessagingChallenge/Info.plist;
				LD_RUNPATH_SEARCH_PATHS = "$(inherited) @executable_path/Frameworks";
				PRODUCT_BUNDLE_IDENTIFIER = com.MessagingChallenge;
				PRODUCT_NAME = "$(TARGET_NAME)";
				SWIFT_VERSION = 4.0;
				TARGETED_DEVICE_FAMILY = "1,2";
			};
			name = Debug;
		};
		19D138701F4370FF00ED7060 /* Release */ = {
			isa = XCBuildConfiguration;
			buildSettings = {
				ASSETCATALOG_COMPILER_APPICON_NAME = AppIcon;
				DEVELOPMENT_TEAM = 9K49YB68EN;
				INFOPLIST_FILE = MessagingChallenge/Info.plist;
				LD_RUNPATH_SEARCH_PATHS = "$(inherited) @executable_path/Frameworks";
				PRODUCT_BUNDLE_IDENTIFIER = com.MessagingChallenge;
				PRODUCT_NAME = "$(TARGET_NAME)";
				SWIFT_VERSION = 4.0;
				TARGETED_DEVICE_FAMILY = "1,2";
			};
			name = Release;
		};
/* End XCBuildConfiguration section */

/* Begin XCConfigurationList section */
		19D138571F4370FF00ED7060 /* Build configuration list for PBXProject "MessagingChallenge" */ = {
			isa = XCConfigurationList;
			buildConfigurations = (
				19D1386C1F4370FF00ED7060 /* Debug */,
				19D1386D1F4370FF00ED7060 /* Release */,
			);
			defaultConfigurationIsVisible = 0;
			defaultConfigurationName = Release;
		};
		19D1386E1F4370FF00ED7060 /* Build configuration list for PBXNativeTarget "MessagingChallenge" */ = {
			isa = XCConfigurationList;
			buildConfigurations = (
				19D1386F1F4370FF00ED7060 /* Debug */,
				19D138701F4370FF00ED7060 /* Release */,
			);
			defaultConfigurationIsVisible = 0;
			defaultConfigurationName = Release;
		};
/* End XCConfigurationList section */
	};
	rootObject = 19D138541F4370FF00ED7060 /* Project object */;
}
